Microsoft Visual Studio Solution File, Format Version 12.00
# Visual Studio 2012
Project("{FAE04EC0-301F-11D3-BF4B-00C04F79EFBC}") = "DevExpress.ImageManagement", "DevExpress.ImageManagement\DevExpress.ImageManagement.csproj", "{169533B3-B756-4A80-90E2-7E04B0D96228}"
EndProject
Global
	GlobalSection(SolutionConfigurationPlatforms) = preSolution
		Debug|Any CPU = Debug|Any CPU
		Release|Any CPU = Release|Any CPU
	EndGlobalSection
	GlobalSection(ProjectConfigurationPlatforms) = postSolution
		{169533B3-B756-4A80-90E2-7E04B0D96228}.Debug|Any CPU.ActiveCfg = Debug|Any CPU
		{169533B3-B756-4A80-90E2-7E04B0D96228}.Debug|Any CPU.Build.0 = Debug|Any CPU
		{169533B3-B756-4A80-90E2-7E04B0D96228}.Release|Any CPU.ActiveCfg = Release|Any CPU
		{169533B3-B756-4A80-90E2-7E04B0D96228}.Release|Any CPU.Build.0 = Release|Any CPU
	EndGlobalSection
	GlobalSection(SolutionProperties) = preSolution
		HideSolutionNode = FALSE
	EndGlobalSection
EndGlobal
