Microsoft Visual Studio Solution File, Format Version 12.00
# Visual Studio 2012
Project("{F184B08F-C81C-45F6-A57F-5ABD9991F28F}") = "DevExpress.ImageManagement", "DevExpress.ImageManagement\DevExpress.ImageManagement.vbproj", "{169533B3-B756-4A80-90E2-7E04B0D96228}"
EndProject
Global
	GlobalSection(SolutionConfigurationPlatforms) = preSolution
		Debug|Any CPU = Debug|Any CPU
		Release|Any CPU = Release|Any CPU
	EndGlobalSection
	GlobalSection(ProjectConfigurationPlatforms) = postSolution
		{169533B3-B756-4A80-90E2-7E04B0D96228}.Debug|Any CPU.ActiveCfg = Debug|Any CPU
		{169533B3-B756-4A80-90E2-7E04B0D96228}.Debug|Any CPU.Build.0 = Debug|Any CPU
		{169533B3-B756-4A80-90E2-7E04B0D96228}.Release|Any CPU.ActiveCfg = Release|Any CPU
		{169533B3-B756-4A80-90E2-7E04B0D96228}.Release|Any CPU.Build.0 = Release|Any CPU
	EndGlobalSection
	GlobalSection(SolutionProperties) = preSolution
		HideSolutionNode = FALSE
	EndGlobalSection
EndGlobal
